
Microsoft Visual Studio Solution File, Format Version 12.00
# Visual Studio Version 16
VisualStudioVersion = 16.0.32106.194
MinimumVisualStudioVersion = 10.0.40219.1
Project("{FAE04EC0-301F-11D3-BF4B-00C04F79EFBC}") = "ASPcHUSHKApAVEL", "ASPcHUSHKApAVEL\ASPcHUSHKApAVEL.csproj", "{ED685FA8-E6DF-4B92-9260-1CE4F417366D}"
EndProject
Global
	GlobalSection(SolutionConfigurationPlatforms) = preSolution
		Debug|Any CPU = Debug|Any CPU
		Release|Any CPU = Release|Any CPU
	EndGlobalSection
	GlobalSection(ProjectConfigurationPlatforms) = postSolution
		{ED685FA8-E6DF-4B92-9260-1CE4F417366D}.Debug|Any CPU.ActiveCfg = Debug|Any CPU
		{ED685FA8-E6DF-4B92-9260-1CE4F417366D}.Debug|Any CPU.Build.0 = Debug|Any CPU
		{ED685FA8-E6DF-4B92-9260-1CE4F417366D}.Release|Any CPU.ActiveCfg = Release|Any CPU
		{ED685FA8-E6DF-4B92-9260-1CE4F417366D}.Release|Any CPU.Build.0 = Release|Any CPU
	EndGlobalSection
	GlobalSection(SolutionProperties) = preSolution
		HideSolutionNode = FALSE
	EndGlobalSection
	GlobalSection(ExtensibilityGlobals) = postSolution
		SolutionGuid = {14B33D6A-2CEF-4D49-8FDB-BA3A30E4E6BD}
	EndGlobalSection
EndGlobal
